{
    "_readme": [
        "This file locks the dependencies of your project to a known state",
        "Read more about it at https://getcomposer.org/doc/01-basic-usage.md#composer-lock-the-lock-file",
        "This file is @generated automatically"
    ],
    "hash": "39d8c1fb12ab568c4f2541376cff1333",
    "packages": [
        {
            "name": "gabriel/fw",
            "version": "dev-devel",
            "source": {
                "type": "git",
                "url": "https://github.com/namzug82/gabriel-guzman-fw.git",
                "reference": "c4cb1dd0076619c5f07b61c52f1a7e5fde446937"
            },
            "require": {
                "php": ">=5.5.9",
                "symfony/yaml": "2.6.*"
            },
            "type": "project",
            "autoload": {
                "psr-4": {
                    "Fw\\": "src/Fw"
                }
            },
            "time": "2015-06-16 06:34:23"
        },
        {
            "name": "symfony/yaml",
            "version": "2.6.x-dev",
            "target-dir": "Symfony/Component/Yaml",
            "source": {
                "type": "git",
                "url": "https://github.com/symfony/Yaml.git",
                "reference": "54c88f3dd9bce62cb3e57a0d7dcecaa665192a4d"
            },
            "dist": {
                "type": "zip",
                "url": "https://api.github.com/repos/symfony/Yaml/zipball/54c88f3dd9bce62cb3e57a0d7dcecaa665192a4d",
                "reference": "54c88f3dd9bce62cb3e57a0d7dcecaa665192a4d",
                "shasum": ""
            },
            "require": {
                "php": ">=5.3.3"
            },
            "require-dev": {
                "symfony/phpunit-bridge": "~2.7"
            },
            "type": "library",
            "extra": {
                "branch-alias": {
                    "dev-master": "2.6-dev"
                }
            },
            "autoload": {
                "psr-0": {
                    "Symfony\\Component\\Yaml\\": ""
                }
            },
            "notification-url": "https://packagist.org/downloads/",
            "license": [
                "MIT"
            ],
            "authors": [
                {
                    "name": "Fabien Potencier",
                    "email": "fabien@symfony.com"
                },
                {
                    "name": "Symfony Community",
                    "homepage": "https://symfony.com/contributors"
                }
            ],
            "description": "Symfony Yaml Component",
            "homepage": "https://symfony.com",
            "time": "2015-06-05 19:54:03"
        }
    ],
    "packages-dev": [],
    "aliases": [],
    "minimum-stability": "dev",
    "stability-flags": {
        "gabriel/fw": 20
    },
    "prefer-stable": false,
    "prefer-lowest": false,
    "platform": {
        "php": ">=5.5.9"
    },
    "platform-dev": []
}
